
Microsoft Visual Studio Solution File, Format Version 12.00
# Visual Studio Version 16
VisualStudioVersion = 16.0.30503.244
MinimumVisualStudioVersion = 10.0.40219.1
Project("{FAE04EC0-301F-11D3-BF4B-00C04F79EFBC}") = "FfxivCharacterCards", "FfxivCharacterCards\FfxivCharacterCards.csproj", "{3D42047A-7985-4B8B-A135-D938580FDE4B}"
EndProject
Project("{FAE04EC0-301F-11D3-BF4B-00C04F79EFBC}") = "Tests", "Tests\Tests.csproj", "{55D0E1E5-AB49-4057-8FD5-386CE74855EF}"
EndProject
Global
	GlobalSection(SolutionConfigurationPlatforms) = preSolution
		Debug|Any CPU = Debug|Any CPU
		Release|Any CPU = Release|Any CPU
	EndGlobalSection
	GlobalSection(ProjectConfigurationPlatforms) = postSolution
		{3D42047A-7985-4B8B-A135-D938580FDE4B}.Debug|Any CPU.ActiveCfg = Debug|Any CPU
		{3D42047A-7985-4B8B-A135-D938580FDE4B}.Debug|Any CPU.Build.0 = Debug|Any CPU
		{3D42047A-7985-4B8B-A135-D938580FDE4B}.Release|Any CPU.ActiveCfg = Release|Any CPU
		{3D42047A-7985-4B8B-A135-D938580FDE4B}.Release|Any CPU.Build.0 = Release|Any CPU
		{55D0E1E5-AB49-4057-8FD5-386CE74855EF}.Debug|Any CPU.ActiveCfg = Debug|Any CPU
		{55D0E1E5-AB49-4057-8FD5-386CE74855EF}.Debug|Any CPU.Build.0 = Debug|Any CPU
		{55D0E1E5-AB49-4057-8FD5-386CE74855EF}.Release|Any CPU.ActiveCfg = Release|Any CPU
		{55D0E1E5-AB49-4057-8FD5-386CE74855EF}.Release|Any CPU.Build.0 = Release|Any CPU
	EndGlobalSection
	GlobalSection(SolutionProperties) = preSolution
		HideSolutionNode = FALSE
	EndGlobalSection
	GlobalSection(ExtensibilityGlobals) = postSolution
		SolutionGuid = {F71F4ECB-4AD5-4DB7-826A-F7A41B48B566}
	EndGlobalSection
EndGlobal
