
Microsoft Visual Studio Solution File, Format Version 12.00
# Visual Studio Version 17
VisualStudioVersion = 17.1.31911.260
MinimumVisualStudioVersion = 10.0.40219.1
Project("{9A19103F-16F7-4668-BE54-9A1E7A4F7556}") = "Tests", "Tests\Tests.csproj", "{55D0E1E5-AB49-4057-8FD5-386CE74855EF}"
EndProject
Project("{9A19103F-16F7-4668-BE54-9A1E7A4F7556}") = "FfxivCharacterCards", "FfxivCharacterCards\FfxivCharacterCards.csproj", "{241DCBCC-8B95-4DB0-B8A9-AAA7F6A54887}"
EndProject
Global
	GlobalSection(SolutionConfigurationPlatforms) = preSolution
		Debug|Any CPU = Debug|Any CPU
		Release|Any CPU = Release|Any CPU
	EndGlobalSection
	GlobalSection(ProjectConfigurationPlatforms) = postSolution
		{55D0E1E5-AB49-4057-8FD5-386CE74855EF}.Debug|Any CPU.ActiveCfg = Debug|Any CPU
		{55D0E1E5-AB49-4057-8FD5-386CE74855EF}.Debug|Any CPU.Build.0 = Debug|Any CPU
		{55D0E1E5-AB49-4057-8FD5-386CE74855EF}.Release|Any CPU.ActiveCfg = Release|Any CPU
		{55D0E1E5-AB49-4057-8FD5-386CE74855EF}.Release|Any CPU.Build.0 = Release|Any CPU
		{241DCBCC-8B95-4DB0-B8A9-AAA7F6A54887}.Debug|Any CPU.ActiveCfg = Debug|Any CPU
		{241DCBCC-8B95-4DB0-B8A9-AAA7F6A54887}.Debug|Any CPU.Build.0 = Debug|Any CPU
		{241DCBCC-8B95-4DB0-B8A9-AAA7F6A54887}.Release|Any CPU.ActiveCfg = Release|Any CPU
		{241DCBCC-8B95-4DB0-B8A9-AAA7F6A54887}.Release|Any CPU.Build.0 = Release|Any CPU
	EndGlobalSection
	GlobalSection(SolutionProperties) = preSolution
		HideSolutionNode = FALSE
	EndGlobalSection
	GlobalSection(ExtensibilityGlobals) = postSolution
		SolutionGuid = {F71F4ECB-4AD5-4DB7-826A-F7A41B48B566}
	EndGlobalSection
EndGlobal
